
Microsoft Visual Studio Solution File, Format Version 12.00
# Visual Studio 15
VisualStudioVersion = 15.0.26730.12
MinimumVisualStudioVersion = 10.0.40219.1
Project("{FAE04EC0-301F-11D3-BF4B-00C04F79EFBC}") = "Group11_Project", "..\Group11_Project.csproj", "{33A1AD0C-EFA6-44EF-A5EF-6439CD04D38B}"
EndProject
Global
	GlobalSection(SolutionConfigurationPlatforms) = preSolution
		Debug|Any CPU = Debug|Any CPU
		Release|Any CPU = Release|Any CPU
	EndGlobalSection
	GlobalSection(ProjectConfigurationPlatforms) = postSolution
		{33A1AD0C-EFA6-44EF-A5EF-6439CD04D38B}.Debug|Any CPU.ActiveCfg = Debug|Any CPU
		{33A1AD0C-EFA6-44EF-A5EF-6439CD04D38B}.Debug|Any CPU.Build.0 = Debug|Any CPU
		{33A1AD0C-EFA6-44EF-A5EF-6439CD04D38B}.Release|Any CPU.ActiveCfg = Release|Any CPU
		{33A1AD0C-EFA6-44EF-A5EF-6439CD04D38B}.Release|Any CPU.Build.0 = Release|Any CPU
	EndGlobalSection
	GlobalSection(SolutionProperties) = preSolution
		HideSolutionNode = FALSE
	EndGlobalSection
	GlobalSection(ExtensibilityGlobals) = postSolution
		SolutionGuid = {2AE5E656-1455-4C4F-9817-DFCD07084480}
	EndGlobalSection
EndGlobal
